
Microsoft Visual Studio Solution File, Format Version 12.00
Project("{FAE04EC0-301F-11D3-BF4B-00C04F79EFBC}") = "GameOfLife", "GameOfLife\GameOfLife.csproj", "{3904A8F9-8D72-4320-B95D-E7D825AC830C}"
EndProject
Project("{FAE04EC0-301F-11D3-BF4B-00C04F79EFBC}") = "GameOfLifeTests", "GameOfLifeTests\GameOfLifeTests.csproj", "{D0E8A787-FCEC-4700-B372-FCD82712E480}"
EndProject
Global
	GlobalSection(SolutionConfigurationPlatforms) = preSolution
		Debug|Any CPU = Debug|Any CPU
		Release|Any CPU = Release|Any CPU
	EndGlobalSection
	GlobalSection(ProjectConfigurationPlatforms) = postSolution
		{3904A8F9-8D72-4320-B95D-E7D825AC830C}.Debug|Any CPU.ActiveCfg = Debug|Any CPU
		{3904A8F9-8D72-4320-B95D-E7D825AC830C}.Debug|Any CPU.Build.0 = Debug|Any CPU
		{3904A8F9-8D72-4320-B95D-E7D825AC830C}.Release|Any CPU.ActiveCfg = Release|Any CPU
		{3904A8F9-8D72-4320-B95D-E7D825AC830C}.Release|Any CPU.Build.0 = Release|Any CPU
		{D0E8A787-FCEC-4700-B372-FCD82712E480}.Debug|Any CPU.ActiveCfg = Debug|Any CPU
		{D0E8A787-FCEC-4700-B372-FCD82712E480}.Debug|Any CPU.Build.0 = Debug|Any CPU
		{D0E8A787-FCEC-4700-B372-FCD82712E480}.Release|Any CPU.ActiveCfg = Release|Any CPU
		{D0E8A787-FCEC-4700-B372-FCD82712E480}.Release|Any CPU.Build.0 = Release|Any CPU
	EndGlobalSection
EndGlobal
